# This file is automatically @generated by Cargo.
# It is not intended for manual editing.
version = 4

[[package]]
name = "arcropolis-api"
version = "0.1.1"
source = "git+https://github.com/Coolsonickirby/arcropolis_api.git?rev=5d100d3eb48a4591839925f74f7cf2c781f09f15#5d100d3eb48a4591839925f74f7cf2c781f09f15"
dependencies = [
 "arcropolis-api-macro",
 "crc32fast",
 "skyline 0.6.0 (registry+https://github.com/rust-lang/crates.io-index)",
]

[[package]]
name = "arcropolis-api-macro"
version = "0.1.0"
source = "git+https://github.com/Coolsonickirby/arcropolis_api.git?rev=5d100d3eb48a4591839925f74f7cf2c781f09f15#5d100d3eb48a4591839925f74f7cf2c781f09f15"
dependencies = [
 "quote",
 "syn 1.0.109",
]

[[package]]
name = "array-init"
version = "2.1.0"
source = "registry+https://github.com/rust-lang/crates.io-index"
checksum = "3d62b7694a562cdf5a74227903507c56ab2cc8bdd1f781ed5cb4cf9c9f810bfc"

[[package]]
name = "bimap"
version = "0.6.3"
source = "registry+https://github.com/rust-lang/crates.io-index"
checksum = "230c5f1ca6a325a32553f8640d31ac9b49f2411e901e427570154868b46da4f7"

[[package]]
name = "binrw"
version = "0.11.2"
source = "registry+https://github.com/rust-lang/crates.io-index"
checksum = "ab81d22cbd2d745852348b2138f3db2103afa8ce043117a374581926a523e267"
dependencies = [
 "array-init",
 "binrw_derive",
 "bytemuck",
]

[[package]]
name = "binrw_derive"
version = "0.11.3"
source = "registry+https://github.com/rust-lang/crates.io-index"
checksum = "dfdce8fda72e8cc5038fb9e739e665d1f3072f7e3e24c573277b8fdce595ef72"
dependencies = [
 "either",
 "owo-colors",
 "proc-macro2",
 "quote",
 "syn 1.0.109",
]

[[package]]
name = "bitflags"
version = "1.3.2"
source = "registry+https://github.com/rust-lang/crates.io-index"
checksum = "bef38d45163c2f1dde094a7dfd33ccf595c92905c8f8f4fdc18d06fb1037718a"

[[package]]
name = "bytemuck"
version = "1.25.1"
source = "registry+https://github.com/rust-lang/crates.io-index"
checksum = "d6aedf8ae72766347502cf3cb4f41cf5e9cc37d28bee90f1fdaaae15f9cf9424"

[[package]]
name = "byteorder"
version = "1.5.0"
source = "registry+https://github.com/rust-lang/crates.io-index"
checksum = "1fd0f2584146f6f2ef48085050886acf353beff7305ebd1ae69500e27c67f64b"

[[package]]
name = "cfg-if"
version = "1.0.4"
source = "registry+https://github.com/rust-lang/crates.io-index"
checksum = "9330f8b2ff13f34540b44e946ef35111825727b38d33286ef986142615121801"

[[package]]
name = "clone_engine_api"
version = "0.1.0-beta.1"
dependencies = [
 "skyline 0.6.0 (git+https://github.com/ultimate-research/skyline-rs.git?rev=6b52d321275639f26c2371d8142550ba0013a5e4)",
]

[[package]]
name = "compile-time-lua-bind-hash"
version = "1.1.1"
source = "registry+https://github.com/rust-lang/crates.io-index"
checksum = "660bcccd4aaa4836cb685952d9ea4fb2b57d2565f4fd0c492fce4d2c0a1be0c0"
dependencies = [
 "lua_bind_hash",
 "quote",
 "syn 1.0.109",
]

[[package]]
name = "crc32fast"
version = "1.5.0"
source = "registry+https://github.com/rust-lang/crates.io-index"
checksum = "9481c1c90cbf2ac953f07c8d4a58aa3945c425b7185c9154d67a65e4230da511"
dependencies = [
 "cfg-if",
]

[[package]]
name = "diff-struct"
version = "0.3.1"
source = "registry+https://github.com/rust-lang/crates.io-index"
checksum = "f30a0f0aafc8da0d598388b1897310646f45f47f17e31d581b4390f9dd88e826"
dependencies = [
 "diff_derive",
 "serde",
]

[[package]]
name = "diff_derive"
version = "0.1.2"
source = "registry+https://github.com/rust-lang/crates.io-index"
checksum = "56f9c37d395456d9c1785499421c6288931b6e3dbc2500acb95b8adaa0e69db3"
dependencies = [
 "proc-macro2",
 "quote",
 "syn 1.0.109",
]

[[package]]
name = "either"
version = "1.16.0"
source = "registry+https://github.com/rust-lang/crates.io-index"
checksum = "91622ff5e7162018101f2fea40d6ebf4a78bbe5a49736a2020649edf9693679e"

[[package]]
name = "hash40"
version = "1.3.1"
source = "registry+https://github.com/rust-lang/crates.io-index"
checksum = "c76fa4f247c50db43ae8b86975fc923ab9170b2cb242ce90231e0caca81352b5"
dependencies = [
 "bimap",
 "binrw",
 "byteorder",
 "diff-struct",
 "lazy_static",
 "serde",
]

[[package]]
name = "lazy_static"
version = "1.5.0"
source = "registry+https://github.com/rust-lang/crates.io-index"
checksum = "bbd2bcb4c963f2ddae06a2efc7e9f3591312473c50c6685e1f298068316e66fe"

[[package]]
name = "libc"
version = "0.2.189"
source = "registry+https://github.com/rust-lang/crates.io-index"
checksum = "3eaf3ede3fee6db1a4c2ee091bf8a8b4dccdc6d17f656fb07896ee72867612f2"

[[package]]
name = "libc-nnsdk"
version = "0.4.0"
source = "registry+https://github.com/rust-lang/crates.io-index"
checksum = "ece4a9a361bf75974e2c18b719e8fd501e4e336d7a5db22d077c4f2367a94be9"

[[package]]
name = "libc-nnsdk"
version = "0.5.0"
source = "registry+https://github.com/rust-lang/crates.io-index"
checksum = "1256a11d163c7288d94909f8120ede53294d8c233df314b0e4f01cf0269707da"

[[package]]
name = "lua_bind_hash"
version = "1.0.1"
source = "registry+https://github.com/rust-lang/crates.io-index"
checksum = "ee9675fd198b39d86a7d5d20c59ae9639a3b4157f28ebd6cc09b9f1397ab118a"

[[package]]
name = "ninput"
version = "0.1.0"
source = "git+https://github.com/blu-dev/ninput?rev=af26d4de5bb5f444985193b296ce65fe364e6a33#af26d4de5bb5f444985193b296ce65fe364e6a33"
dependencies = [
 "bitflags",
]

[[package]]
name = "nnsdk"
version = "0.6.1"
source = "registry+https://github.com/rust-lang/crates.io-index"
checksum = "27692267bad39aba64dd4549de1ec63a22e41b6dd6b5ec99c7bf6dba175a14bd"
dependencies = [
 "libc-nnsdk 0.5.0",
]

[[package]]
name = "nnsdk"
version = "0.6.1"
source = "git+https://github.com/ultimate-research/nnsdk-rs#ca3f1e3fa3fb16209f8407795772ea7245440c38"
dependencies = [
 "libc-nnsdk 0.5.0",
]

[[package]]
name = "owo-colors"
version = "3.5.0"
source = "registry+https://github.com/rust-lang/crates.io-index"
checksum = "c1b04fb49957986fdce4d6ee7a65027d55d4b6d2265e5848bbb507b58ccfdb6f"

[[package]]
name = "paste"
version = "1.0.15"
source = "registry+https://github.com/rust-lang/crates.io-index"
checksum = "57c0d7b74b563b49d38dae00a0c37d4d6de9b432382b2892f0574ddcae73fd0a"

[[package]]
name = "proc-macro2"
version = "1.0.106"
source = "registry+https://github.com/rust-lang/crates.io-index"
checksum = "8fd00f0bb2e90d81d1044c2b32617f68fcb9fa3bb7640c23e9c748e53fb30934"
dependencies = [
 "unicode-ident",
]

[[package]]
name = "quote"
version = "1.0.46"
source = "registry+https://github.com/rust-lang/crates.io-index"
checksum = "dfbc457d0c7a0759a614551b11a6409e5951f6c7537be1f1b7682b9ae9230368"
dependencies = [
 "proc-macro2",
]

[[package]]
name = "serde"
version = "1.0.228"
source = "registry+https://github.com/rust-lang/crates.io-index"
checksum = "9a8e94ea7f378bd32cbbd37198a4a91436180c5bb472411e48b5ec2e2124ae9e"
dependencies = [
 "serde_core",
 "serde_derive",
]

[[package]]
name = "serde_core"
version = "1.0.228"
source = "registry+https://github.com/rust-lang/crates.io-index"
checksum = "41d385c7d4ca58e59fc732af25c3983b67ac852c1a25000afe1175de458b67ad"
dependencies = [
 "serde_derive",
]

[[package]]
name = "serde_derive"
version = "1.0.228"
source = "registry+https://github.com/rust-lang/crates.io-index"
checksum = "d540f220d3187173da220f885ab66608367b6574e925011a9353e4badda91d79"
dependencies = [
 "proc-macro2",
 "quote",
 "syn 2.0.118",
]

[[package]]
name = "skyline"
version = "0.6.0"
source = "registry+https://github.com/rust-lang/crates.io-index"
checksum = "7b4c2c28cda0d198befe59479c593537fc306cabb61d32a9428fcd2725df35c6"
dependencies = [
 "libc-nnsdk 0.5.0",
 "nnsdk 0.6.1 (registry+https://github.com/rust-lang/crates.io-index)",
 "skyline_macro 0.2.1 (registry+https://github.com/rust-lang/crates.io-index)",
]

[[package]]
name = "skyline"
version = "0.6.0"
source = "git+https://github.com/ultimate-research/skyline-rs.git?rev=6b52d321275639f26c2371d8142550ba0013a5e4#6b52d321275639f26c2371d8142550ba0013a5e4"
dependencies = [
 "libc-nnsdk 0.5.0",
 "nnsdk 0.6.1 (registry+https://github.com/rust-lang/crates.io-index)",
 "skyline_macro 0.2.1 (git+https://github.com/ultimate-research/skyline-rs.git?rev=6b52d321275639f26c2371d8142550ba0013a5e4)",
]

[[package]]
name = "skyline"
version = "0.6.0"
source = "git+https://github.com/ultimate-research/skyline-rs.git#6b52d321275639f26c2371d8142550ba0013a5e4"
dependencies = [
 "libc-nnsdk 0.5.0",
 "nnsdk 0.6.1 (registry+https://github.com/rust-lang/crates.io-index)",
 "skyline_macro 0.2.1 (git+https://github.com/ultimate-research/skyline-rs.git)",
]

[[package]]
name = "skyline_macro"
version = "0.2.1"
source = "registry+https://github.com/rust-lang/crates.io-index"
checksum = "9c6ce616cf990bbff33e6dfdf47bfc0add2e5fca5ba3dbefda64c92bd9fc8068"
dependencies = [
 "lazy_static",
 "proc-macro2",
 "quote",
 "syn 1.0.109",
]

[[package]]
name = "skyline_macro"
version = "0.2.1"
source = "git+https://github.com/ultimate-research/skyline-rs.git?rev=6b52d321275639f26c2371d8142550ba0013a5e4#6b52d321275639f26c2371d8142550ba0013a5e4"
dependencies = [
 "lazy_static",
 "proc-macro2",
 "quote",
 "syn 1.0.109",
]

[[package]]
name = "skyline_macro"
version = "0.2.1"
source = "git+https://github.com/ultimate-research/skyline-rs.git#6b52d321275639f26c2371d8142550ba0013a5e4"
dependencies = [
 "lazy_static",
 "proc-macro2",
 "quote",
 "syn 1.0.109",
]

[[package]]
name = "skyline_smash"
version = "0.1.0"
source = "git+https://github.com/ultimate-research/skyline-smash.git?rev=58aee32a5838379cadd120c8e62fd0e0ea9e5ad7#58aee32a5838379cadd120c8e62fd0e0ea9e5ad7"
dependencies = [
 "compile-time-lua-bind-hash",
 "lazy_static",
 "libc-nnsdk 0.4.0",
 "nnsdk 0.6.1 (git+https://github.com/ultimate-research/nnsdk-rs)",
 "paste",
 "skyline 0.6.0 (git+https://github.com/ultimate-research/skyline-rs.git)",
]

[[package]]
name = "smash-bgm-property"
version = "1.2.0"
source = "registry+https://github.com/rust-lang/crates.io-index"
checksum = "719d8fcff419f09d3a7e118adadaa8776b248428d714341c0081d516c3eb9697"
dependencies = [
 "binrw",
 "hash40",
]

[[package]]
name = "smash-sli"
version = "0.9.0"
source = "registry+https://github.com/rust-lang/crates.io-index"
checksum = "734f72fff1b9e9657bea602bbd6009eea417824dbd6337d23779d8a8d3d735a8"
dependencies = [
 "binrw",
 "hash40",
]

[[package]]
name = "ssbu_clone_engine"
version = "0.1.0-beta.1"
dependencies = [
 "arcropolis-api",
 "clone_engine_api",
 "libc",
 "ninput",
 "skyline 0.6.0 (git+https://github.com/ultimate-research/skyline-rs.git?rev=6b52d321275639f26c2371d8142550ba0013a5e4)",
 "skyline_smash",
 "the_csk_collection_api",
]

[[package]]
name = "syn"
version = "1.0.109"
source = "registry+https://github.com/rust-lang/crates.io-index"
checksum = "72b64191b275b66ffe2469e8af2c1cfe3bafa67b529ead792a6d0160888b4237"
dependencies = [
 "proc-macro2",
 "quote",
 "unicode-ident",
]

[[package]]
name = "syn"
version = "2.0.118"
source = "registry+https://github.com/rust-lang/crates.io-index"
checksum = "1b9ae57f904213ebb649ce6895b8a66c66f0203b9319718f69a5612a065b1422"
dependencies = [
 "proc-macro2",
 "quote",
 "unicode-ident",
]

[[package]]
name = "the_csk_collection_api"
version = "0.1.0"
source = "git+https://github.com/Coolsonickirby/the_csk_collection_api.git?rev=e144a25f97c247c058b8cd8641df0435b0ffe361#e144a25f97c247c058b8cd8641df0435b0ffe361"
dependencies = [
 "binrw",
 "smash-bgm-property",
 "smash-sli",
]

[[package]]
name = "unicode-ident"
version = "1.0.24"
source = "registry+https://github.com/rust-lang/crates.io-index"
checksum = "e6e4313cd5fcd3dad5cafa179702e2b244f760991f45397d14d4ebf38247da75"
